
Microsoft Visual Studio Solution File, Format Version 12.00
# Visual Studio 15
VisualStudioVersion = 15.0.27703.2042
MinimumVisualStudioVersion = 10.0.40219.1
Project("{FAE04EC0-301F-11D3-BF4B-00C04F79EFBC}") = "WebSena.WebApi", "WebSena.WebApi\WebSena.WebApi.csproj", "{B10D8746-0C5D-44EC-A73C-317BD235CD12}"
EndProject
Project("{2150E333-8FDC-42A3-9474-1A3956D46DE8}") = "Domain", "Domain", "{F5072EFE-E71A-4F39-8055-B192397FD828}"
EndProject
Project("{2150E333-8FDC-42A3-9474-1A3956D46DE8}") = "Infra", "Infra", "{C897F090-55EA-4391-9A60-994EB75B1528}"
EndProject
Project("{2150E333-8FDC-42A3-9474-1A3956D46DE8}") = "CrossCutting", "CrossCutting", "{65E225F7-0357-4437-91DF-58B96C76B52E}"
EndProject
Project("{FAE04EC0-301F-11D3-BF4B-00C04F79EFBC}") = "WebSena.Domain", "WebSena.Domain\WebSena.Domain.csproj", "{72D6C3C8-190B-441A-93C0-C1B49AFB98F8}"
EndProject
Project("{FAE04EC0-301F-11D3-BF4B-00C04F79EFBC}") = "WebSena.Repository", "WebSena.Repository\WebSena.Repository.csproj", "{8C3B339C-26A4-4F16-97C6-3599A713483A}"
EndProject
Project("{2150E333-8FDC-42A3-9474-1A3956D46DE8}") = "Application", "Application", "{5267B9B2-B8FE-49AD-B931-11A202FCDB89}"
EndProject
Project("{FAE04EC0-301F-11D3-BF4B-00C04F79EFBC}") = "WebSena.Service", "WebSena.Service\WebSena.Service.csproj", "{982723AC-4C3E-41B1-A917-05AD362526A5}"
EndProject
Project("{2150E333-8FDC-42A3-9474-1A3956D46DE8}") = "Test", "Test", "{FCD719E0-C039-4104-A949-589AAE1F14A6}"
EndProject
Project("{FAE04EC0-301F-11D3-BF4B-00C04F79EFBC}") = "WebSena.IoC", "WebSena.IoC\WebSena.IoC.csproj", "{4DE94629-6EA9-438D-975A-AA8281DA3D7B}"
EndProject
Project("{FAE04EC0-301F-11D3-BF4B-00C04F79EFBC}") = "WebSena.Test", "WebSena.Test\WebSena.Test.csproj", "{1D5BD1E8-1294-47BA-B0DD-F72975A94A28}"
EndProject
Project("{FAE04EC0-301F-11D3-BF4B-00C04F79EFBC}") = "APILoteria.Service", "APILoteria.Service\APILoteria.Service.csproj", "{C99B72AF-1C3D-40B3-966D-F3F7889339EF}"
EndProject
Project("{FAE04EC0-301F-11D3-BF4B-00C04F79EFBC}") = "WebSena.Util", "WebSena.Util\WebSena.Util.csproj", "{8953F31D-7B75-4C79-8D9F-31670858FE5A}"
EndProject
Global
	GlobalSection(SolutionConfigurationPlatforms) = preSolution
		Debug|Any CPU = Debug|Any CPU
		Release|Any CPU = Release|Any CPU
	EndGlobalSection
	GlobalSection(ProjectConfigurationPlatforms) = postSolution
		{B10D8746-0C5D-44EC-A73C-317BD235CD12}.Debug|Any CPU.ActiveCfg = Debug|Any CPU
		{B10D8746-0C5D-44EC-A73C-317BD235CD12}.Debug|Any CPU.Build.0 = Debug|Any CPU
		{B10D8746-0C5D-44EC-A73C-317BD235CD12}.Release|Any CPU.ActiveCfg = Release|Any CPU
		{B10D8746-0C5D-44EC-A73C-317BD235CD12}.Release|Any CPU.Build.0 = Release|Any CPU
		{72D6C3C8-190B-441A-93C0-C1B49AFB98F8}.Debug|Any CPU.ActiveCfg = Debug|Any CPU
		{72D6C3C8-190B-441A-93C0-C1B49AFB98F8}.Debug|Any CPU.Build.0 = Debug|Any CPU
		{72D6C3C8-190B-441A-93C0-C1B49AFB98F8}.Release|Any CPU.ActiveCfg = Release|Any CPU
		{72D6C3C8-190B-441A-93C0-C1B49AFB98F8}.Release|Any CPU.Build.0 = Release|Any CPU
		{8C3B339C-26A4-4F16-97C6-3599A713483A}.Debug|Any CPU.ActiveCfg = Debug|Any CPU
		{8C3B339C-26A4-4F16-97C6-3599A713483A}.Debug|Any CPU.Build.0 = Debug|Any CPU
		{8C3B339C-26A4-4F16-97C6-3599A713483A}.Release|Any CPU.ActiveCfg = Release|Any CPU
		{8C3B339C-26A4-4F16-97C6-3599A713483A}.Release|Any CPU.Build.0 = Release|Any CPU
		{982723AC-4C3E-41B1-A917-05AD362526A5}.Debug|Any CPU.ActiveCfg = Debug|Any CPU
		{982723AC-4C3E-41B1-A917-05AD362526A5}.Debug|Any CPU.Build.0 = Debug|Any CPU
		{982723AC-4C3E-41B1-A917-05AD362526A5}.Release|Any CPU.ActiveCfg = Release|Any CPU
		{982723AC-4C3E-41B1-A917-05AD362526A5}.Release|Any CPU.Build.0 = Release|Any CPU
		{4DE94629-6EA9-438D-975A-AA8281DA3D7B}.Debug|Any CPU.ActiveCfg = Debug|Any CPU
		{4DE94629-6EA9-438D-975A-AA8281DA3D7B}.Debug|Any CPU.Build.0 = Debug|Any CPU
		{4DE94629-6EA9-438D-975A-AA8281DA3D7B}.Release|Any CPU.ActiveCfg = Release|Any CPU
		{4DE94629-6EA9-438D-975A-AA8281DA3D7B}.Release|Any CPU.Build.0 = Release|Any CPU
		{1D5BD1E8-1294-47BA-B0DD-F72975A94A28}.Debug|Any CPU.ActiveCfg = Debug|Any CPU
		{1D5BD1E8-1294-47BA-B0DD-F72975A94A28}.Debug|Any CPU.Build.0 = Debug|Any CPU
		{1D5BD1E8-1294-47BA-B0DD-F72975A94A28}.Release|Any CPU.ActiveCfg = Release|Any CPU
		{1D5BD1E8-1294-47BA-B0DD-F72975A94A28}.Release|Any CPU.Build.0 = Release|Any CPU
		{C99B72AF-1C3D-40B3-966D-F3F7889339EF}.Debug|Any CPU.ActiveCfg = Debug|Any CPU
		{C99B72AF-1C3D-40B3-966D-F3F7889339EF}.Debug|Any CPU.Build.0 = Debug|Any CPU
		{C99B72AF-1C3D-40B3-966D-F3F7889339EF}.Release|Any CPU.ActiveCfg = Release|Any CPU
		{C99B72AF-1C3D-40B3-966D-F3F7889339EF}.Release|Any CPU.Build.0 = Release|Any CPU
		{8953F31D-7B75-4C79-8D9F-31670858FE5A}.Debug|Any CPU.ActiveCfg = Debug|Any CPU
		{8953F31D-7B75-4C79-8D9F-31670858FE5A}.Debug|Any CPU.Build.0 = Debug|Any CPU
		{8953F31D-7B75-4C79-8D9F-31670858FE5A}.Release|Any CPU.ActiveCfg = Release|Any CPU
		{8953F31D-7B75-4C79-8D9F-31670858FE5A}.Release|Any CPU.Build.0 = Release|Any CPU
	EndGlobalSection
	GlobalSection(SolutionProperties) = preSolution
		HideSolutionNode = FALSE
	EndGlobalSection
	GlobalSection(NestedProjects) = preSolution
		{72D6C3C8-190B-441A-93C0-C1B49AFB98F8} = {F5072EFE-E71A-4F39-8055-B192397FD828}
		{8C3B339C-26A4-4F16-97C6-3599A713483A} = {C897F090-55EA-4391-9A60-994EB75B1528}
		{982723AC-4C3E-41B1-A917-05AD362526A5} = {5267B9B2-B8FE-49AD-B931-11A202FCDB89}
		{4DE94629-6EA9-438D-975A-AA8281DA3D7B} = {65E225F7-0357-4437-91DF-58B96C76B52E}
		{1D5BD1E8-1294-47BA-B0DD-F72975A94A28} = {FCD719E0-C039-4104-A949-589AAE1F14A6}
		{C99B72AF-1C3D-40B3-966D-F3F7889339EF} = {5267B9B2-B8FE-49AD-B931-11A202FCDB89}
		{8953F31D-7B75-4C79-8D9F-31670858FE5A} = {65E225F7-0357-4437-91DF-58B96C76B52E}
	EndGlobalSection
	GlobalSection(ExtensibilityGlobals) = postSolution
		SolutionGuid = {F87A2599-825A-484F-98E3-697B50DEF9AF}
	EndGlobalSection
EndGlobal
